// !$*UTF8*$!
{
	archiveVersion = 1;
	classes = {
	};
	objectVersion = 46;
	objects = {

/* Begin PBXBuildFile section */
		E0A8BFE61B88CF2900A7EC9F /* main.m in Sources */ = {isa = PBXBuildFile; fileRef = E0A8BFE51B88CF2900A7EC9F /* main.m */; };
		E0A8BFE91B88CF2900A7EC9F /* AppDelegate.m in Sources */ = {isa = PBXBuildFile; fileRef = E0A8BFE81B88CF2900A7EC9F /* AppDelegate.m */; };
		E0A8BFEC1B88CF2900A7EC9F /* ViewController.m in Sources */ = {isa = PBXBuildFile; fileRef = E0A8BFEB1B88CF2900A7EC9F /* ViewController.m */; };
		E0A8BFEF1B88CF2900A7EC9F /* Main.storyboard in Resources */ = {isa = PBXBuildFile; fileRef = E0A8BFED1B88CF2900A7EC9F /* Main.storyboard */; };
		E0A8BFF11B88CF2900A7EC9F /* Images.xcassets in Resources */ = {isa = PBXBuildFile; fileRef = E0A8BFF01B88CF2900A7EC9F /* Images.xcassets */; };
		E0A8BFF41B88CF2900A7EC9F /* LaunchScreen.xib in Resources */ = {isa = PBXBuildFile; fileRef = E0A8BFF21B88CF2900A7EC9F /* LaunchScreen.xib */; };
		E0A8C0001B88CF2900A7EC9F /* TableViewRefreshTests.m in Sources */ = {isa = PBXBuildFile; fileRef = E0A8BFFF1B88CF2900A7EC9F /* TableViewRefreshTests.m */; };
/* End PBXBuildFile section */

/* Begin PBXContainerItemProxy section */
		E0A8BFFA1B88CF2900A7EC9F /* PBXContainerItemProxy */ = {
			isa = PBXContainerItemProxy;
			containerPortal = E0A8BFD81B88CF2900A7EC9F /* Project object */;
			proxyType = 1;
			remoteGlobalIDString = E0A8BFDF1B88CF2900A7EC9F;
			remoteInfo = TableViewRefresh;
		};
/* End PBXContainerItemProxy section */

/* Begin PBXFileReference section */
		E0A8BFE01B88CF2900A7EC9F /* TableViewRefresh.app */ = {isa = PBXFileReference; explicitFileType = wrapper.application; includeInIndex = 0; path = TableViewRefresh.app; sourceTree = BUILT_PRODUCTS_DIR; };
		E0A8BFE41B88CF2900A7EC9F /* Info.plist */ = {isa = PBXFileReference; lastKnownFileType = text.plist.xml; path = Info.plist; sourceTree = "<group>"; };
		E0A8BFE51B88CF2900A7EC9F /* main.m */ = {isa = PBXFileReference; lastKnownFileType = sourcecode.c.objc; path = main.m; sourceTree = "<group>"; };
		E0A8BFE71B88CF2900A7EC9F /* AppDelegate.h */ = {isa = PBXFileReference; lastKnownFileType = sourcecode.c.h; path = AppDelegate.h; sourceTree = "<group>"; };
		E0A8BFE81B88CF2900A7EC9F /* AppDelegate.m */ = {isa = PBXFileReference; lastKnownFileType = sourcecode.c.objc; path = AppDelegate.m; sourceTree = "<group>"; };
		E0A8BFEA1B88CF2900A7EC9F /* ViewController.h */ = {isa = PBXFileReference; lastKnownFileType = sourcecode.c.h; path = ViewController.h; sourceTree = "<group>"; };
		E0A8BFEB1B88CF2900A7EC9F /* ViewController.m */ = {isa = PBXFileReference; lastKnownFileType = sourcecode.c.objc; path = ViewController.m; sourceTree = "<group>"; };
		E0A8BFEE1B88CF2900A7EC9F /* Base */ = {isa = PBXFileReference; lastKnownFileType = file.storyboard; name = Base; path = Base.lproj/Main.storyboard; sourceTree = "<group>"; };
		E0A8BFF01B88CF2900A7EC9F /* Images.xcassets */ = {isa = PBXFileReference; lastKnownFileType = folder.assetcatalog; path = Images.xcassets; sourceTree = "<group>"; };
		E0A8BFF31B88CF2900A7EC9F /* Base */ = {isa = PBXFileReference; lastKnownFileType = file.xib; name = Base; path = Base.lproj/LaunchScreen.xib; sourceTree = "<group>"; };
		E0A8BFF91B88CF2900A7EC9F /* TableViewRefreshTests.xctest */ = {isa = PBXFileReference; explicitFileType = wrapper.cfbundle; includeInIndex = 0; path = TableViewRefreshTests.xctest; sourceTree = BUILT_PRODUCTS_DIR; };
		E0A8BFFE1B88CF2900A7EC9F /* Info.plist */ = {isa = PBXFileReference; lastKnownFileType = text.plist.xml; path = Info.plist; sourceTree = "<group>"; };
		E0A8BFFF1B88CF2900A7EC9F /* TableViewRefreshTests.m */ = {isa = PBXFileReference; lastKnownFileType = sourcecode.c.objc; path = TableViewRefreshTests.m; sourceTree = "<group>"; };
/* End PBXFileReference section */

/* Begin PBXFrameworksBuildPhase section */
		E0A8BFDD1B88CF2900A7EC9F /* Frameworks */ = {
			isa = PBXFrameworksBuildPhase;
			buildActionMask = 2147483647;
			files = (
			);
			runOnlyForDeploymentPostprocessing = 0;
		};
		E0A8BFF61B88CF2900A7EC9F /* Frameworks */ = {
			isa = PBXFrameworksBuildPhase;
			buildActionMask = 2147483647;
			files = (
			);
			runOnlyForDeploymentPostprocessing = 0;
		};
/* End PBXFrameworksBuildPhase section */

/* Begin PBXGroup section */
		E0A8BFD71B88CF2900A7EC9F = {
			isa = PBXGroup;
			children = (
				E0A8BFE21B88CF2900A7EC9F /* TableViewRefresh */,
				E0A8BFFC1B88CF2900A7EC9F /* TableViewRefreshTests */,
				E0A8BFE11B88CF2900A7EC9F /* Products */,
			);
			sourceTree = "<group>";
		};
		E0A8BFE11B88CF2900A7EC9F /* Products */ = {
			isa = PBXGroup;
			children = (
				E0A8BFE01B88CF2900A7EC9F /* TableViewRefresh.app */,
				E0A8BFF91B88CF2900A7EC9F /* TableViewRefreshTests.xctest */,
			);
			name = Products;
			sourceTree = "<group>";
		};
		E0A8BFE21B88CF2900A7EC9F /* TableViewRefresh */ = {
			isa = PBXGroup;
			children = (
				E0A8BFE71B88CF2900A7EC9F /* AppDelegate.h */,
				E0A8BFE81B88CF2900A7EC9F /* AppDelegate.m */,
				E0A8BFEA1B88CF2900A7EC9F /* ViewController.h */,
				E0A8BFEB1B88CF2900A7EC9F /* ViewController.m */,
				E0A8BFED1B88CF2900A7EC9F /* Main.storyboard */,
				E0A8BFF01B88CF2900A7EC9F /* Images.xcassets */,
				E0A8BFF21B88CF2900A7EC9F /* LaunchScreen.xib */,
				E0A8BFE31B88CF2900A7EC9F /* Supporting Files */,
			);
			path = TableViewRefresh;
			sourceTree = "<group>";
		};
		E0A8BFE31B88CF2900A7EC9F /* Supporting Files */ = {
			isa = PBXGroup;
			children = (
				E0A8BFE41B88CF2900A7EC9F /* Info.plist */,
				E0A8BFE51B88CF2900A7EC9F /* main.m */,
			);
			name = "Supporting Files";
			sourceTree = "<group>";
		};
		E0A8BFFC1B88CF2900A7EC9F /* TableViewRefreshTests */ = {
			isa = PBXGroup;
			children = (
				E0A8BFFF1B88CF2900A7EC9F /* TableViewRefreshTests.m */,
				E0A8BFFD1B88CF2900A7EC9F /* Supporting Files */,
			);
			path = TableViewRefreshTests;
			sourceTree = "<group>";
		};
		E0A8BFFD1B88CF2900A7EC9F /* Supporting Files */ = {
			isa = PBXGroup;
			children = (
				E0A8BFFE1B88CF2900A7EC9F /* Info.plist */,
			);
			name = "Supporting Files";
			sourceTree = "<group>";
		};
/* End PBXGroup section */

/* Begin PBXNativeTarget section */
		E0A8BFDF1B88CF2900A7EC9F /* TableViewRefresh */ = {
			isa = PBXNativeTarget;
			buildConfigurationList = E0A8C0031B88CF2900A7EC9F /* Build configuration list for PBXNativeTarget "TableViewRefresh" */;
			buildPhases = (
				E0A8BFDC1B88CF2900A7EC9F /* Sources */,
				E0A8BFDD1B88CF2900A7EC9F /* Frameworks */,
				E0A8BFDE1B88CF2900A7EC9F /* Resources */,
			);
			buildRules = (
			);
			dependencies = (
			);
			name = TableViewRefresh;
			productName = TableViewRefresh;
			productReference = E0A8BFE01B88CF2900A7EC9F /* TableViewRefresh.app */;
			productType = "com.apple.product-type.application";
		};
		E0A8BFF81B88CF2900A7EC9F /* TableViewRefreshTests */ = {
			isa = PBXNativeTarget;
			buildConfigurationList = E0A8C0061B88CF2900A7EC9F /* Build configuration list for PBXNativeTarget "TableViewRefreshTests" */;
			buildPhases = (
				E0A8BFF51B88CF2900A7EC9F /* Sources */,
				E0A8BFF61B88CF2900A7EC9F /* Frameworks */,
				E0A8BFF71B88CF2900A7EC9F /* Resources */,
			);
			buildRules = (
			);
			dependencies = (
				E0A8BFFB1B88CF2900A7EC9F /* PBXTargetDependency */,
			);
			name = TableViewRefreshTests;
			productName = TableViewRefreshTests;
			productReference = E0A8BFF91B88CF2900A7EC9F /* TableViewRefreshTests.xctest */;
			productType = "com.apple.product-type.bundle.unit-test";
		};
/* End PBXNativeTarget section */

/* Begin PBXProject section */
		E0A8BFD81B88CF2900A7EC9F /* Project object */ = {
			isa = PBXProject;
			attributes = {
				LastUpgradeCheck = 0640;
				ORGANIZATIONNAME = cx;
				TargetAttributes = {
					E0A8BFDF1B88CF2900A7EC9F = {
						CreatedOnToolsVersion = 6.4;
					};
					E0A8BFF81B88CF2900A7EC9F = {
						CreatedOnToolsVersion = 6.4;
						TestTargetID = E0A8BFDF1B88CF2900A7EC9F;
					};
				};
			};
			buildConfigurationList = E0A8BFDB1B88CF2900A7EC9F /* Build configuration list for PBXProject "TableViewRefresh" */;
			compatibilityVersion = "Xcode 3.2";
			developmentRegion = English;
			hasScannedForEncodings = 0;
			knownRegions = (
				en,
				Base,
			);
			mainGroup = E0A8BFD71B88CF2900A7EC9F;
			productRefGroup = E0A8BFE11B88CF2900A7EC9F /* Products */;
			projectDirPath = "";
			projectRoot = "";
			targets = (
				E0A8BFDF1B88CF2900A7EC9F /* TableViewRefresh */,
				E0A8BFF81B88CF2900A7EC9F /* TableViewRefreshTests */,
			);
		};
/* End PBXProject section */

/* Begin PBXResourcesBuildPhase section */
		E0A8BFDE1B88CF2900A7EC9F /* Resources */ = {
			isa = PBXResourcesBuildPhase;
			buildActionMask = 2147483647;
			files = (
				E0A8BFEF1B88CF2900A7EC9F /* Main.storyboard in Resources */,
				E0A8BFF41B88CF2900A7EC9F /* LaunchScreen.xib in Resources */,
				E0A8BFF11B88CF2900A7EC9F /* Images.xcassets in Resources */,
			);
			runOnlyForDeploymentPostprocessing = 0;
		};
		E0A8BFF71B88CF2900A7EC9F /* Resources */ = {
			isa = PBXResourcesBuildPhase;
			buildActionMask = 2147483647;
			files = (
			);
			runOnlyForDeploymentPostprocessing = 0;
		};
/* End PBXResourcesBuildPhase section */

/* Begin PBXSourcesBuildPhase section */
		E0A8BFDC1B88CF2900A7EC9F /* Sources */ = {
			isa = PBXSourcesBuildPhase;
			buildActionMask = 2147483647;
			files = (
				E0A8BFEC1B88CF2900A7EC9F /* ViewController.m in Sources */,
				E0A8BFE91B88CF2900A7EC9F /* AppDelegate.m in Sources */,
				E0A8BFE61B88CF2900A7EC9F /* main.m in Sources */,
			);
			runOnlyForDeploymentPostprocessing = 0;
		};
		E0A8BFF51B88CF2900A7EC9F /* Sources */ = {
			isa = PBXSourcesBuildPhase;
			buildActionMask = 2147483647;
			files = (
				E0A8C0001B88CF2900A7EC9F /* TableViewRefreshTests.m in Sources */,
			);
			runOnlyForDeploymentPostprocessing = 0;
		};
/* End PBXSourcesBuildPhase section */

/* Begin PBXTargetDependency section */
		E0A8BFFB1B88CF2900A7EC9F /* PBXTargetDependency */ = {
			isa = PBXTargetDependency;
			target = E0A8BFDF1B88CF2900A7EC9F /* TableViewRefresh */;
			targetProxy = E0A8BFFA1B88CF2900A7EC9F /* PBXContainerItemProxy */;
		};
/* End PBXTargetDependency section */

/* Begin PBXVariantGroup section */
		E0A8BFED1B88CF2900A7EC9F /* Main.storyboard */ = {
			isa = PBXVariantGroup;
			children = (
				E0A8BFEE1B88CF2900A7EC9F /* Base */,
			);
			name = Main.storyboard;
			sourceTree = "<group>";
		};
		E0A8BFF21B88CF2900A7EC9F /* LaunchScreen.xib */ = {
			isa = PBXVariantGroup;
			children = (
				E0A8BFF31B88CF2900A7EC9F /* Base */,
			);
			name = LaunchScreen.xib;
			sourceTree = "<group>";
		};
/* End PBXVariantGroup section */

/* Begin XCBuildConfiguration section */
		E0A8C0011B88CF2900A7EC9F /* Debug */ = {
			isa = XCBuildConfiguration;
			buildSettings = {
				ALWAYS_SEARCH_USER_PATHS = NO;
				CLANG_CXX_LANGUAGE_STANDARD = "gnu++0x";
				CLANG_CXX_LIBRARY = "libc++";
				CLANG_ENABLE_MODULES = YES;
				CLANG_ENABLE_OBJC_ARC = YES;
				CLANG_WARN_BOOL_CONVERSION = YES;
				CLANG_WARN_CONSTANT_CONVERSION = YES;
				CLANG_WARN_DIRECT_OBJC_ISA_USAGE = YES_ERROR;
				CLANG_WARN_EMPTY_BODY = YES;
				CLANG_WARN_ENUM_CONVERSION = YES;
				CLANG_WARN_INT_CONVERSION = YES;
				CLANG_WARN_OBJC_ROOT_CLASS = YES_ERROR;
				CLANG_WARN_UNREACHABLE_CODE = YES;
				CLANG_WARN__DUPLICATE_METHOD_MATCH = YES;
				"CODE_SIGN_IDENTITY[sdk=iphoneos*]" = "iPhone Developer";
				COPY_PHASE_STRIP = NO;
				DEBUG_INFORMATION_FORMAT = "dwarf-with-dsym";
				ENABLE_STRICT_OBJC_MSGSEND = YES;
				GCC_C_LANGUAGE_STANDARD = gnu99;
				GCC_DYNAMIC_NO_PIC = NO;
				GCC_NO_COMMON_BLOCKS = YES;
				GCC_OPTIMIZATION_LEVEL = 0;
				GCC_PREPROCESSOR_DEFINITIONS = (
					"DEBUG=1",
					"$(inherited)",
				);
				GCC_SYMBOLS_PRIVATE_EXTERN = NO;
				GCC_WARN_64_TO_32_BIT_CONVERSION = YES;
				GCC_WARN_ABOUT_RETURN_TYPE = YES_ERROR;
				GCC_WARN_UNDECLARED_SELECTOR = YES;
				GCC_WARN_UNINITIALIZED_AUTOS = YES_AGGRESSIVE;
				GCC_WARN_UNUSED_FUNCTION = YES;
				GCC_WARN_UNUSED_VARIABLE = YES;
				IPHONEOS_DEPLOYMENT_TARGET = 8.4;
				MTL_ENABLE_DEBUG_INFO = YES;
				ONLY_ACTIVE_ARCH = YES;
				SDKROOT = iphoneos;
				TARGETED_DEVICE_FAMILY = "1,2";
			};
			name = Debug;
		};
		E0A8C0021B88CF2900A7EC9F /* Release */ = {
			isa = XCBuildConfiguration;
			buildSettings = {
				ALWAYS_SEARCH_USER_PATHS = NO;
				CLANG_CXX_LANGUAGE_STANDARD = "gnu++0x";
				CLANG_CXX_LIBRARY = "libc++";
				CLANG_ENABLE_MODULES = YES;
				CLANG_ENABLE_OBJC_ARC = YES;
				CLANG_WARN_BOOL_CONVERSION = YES;
				CLANG_WARN_CONSTANT_CONVERSION = YES;
				CLANG_WARN_DIRECT_OBJC_ISA_USAGE = YES_ERROR;
				CLANG_WARN_EMPTY_BODY = YES;
				CLANG_WARN_ENUM_CONVERSION = YES;
				CLANG_WARN_INT_CONVERSION = YES;
				CLANG_WARN_OBJC_ROOT_CLASS = YES_ERROR;
				CLANG_WARN_UNREACHABLE_CODE = YES;
				CLANG_WARN__DUPLICATE_METHOD_MATCH = YES;
				"CODE_SIGN_IDENTITY[sdk=iphoneos*]" = "iPhone Developer";
				COPY_PHASE_STRIP = NO;
				DEBUG_INFORMATION_FORMAT = "dwarf-with-dsym";
				ENABLE_NS_ASSERTIONS = NO;
				ENABLE_STRICT_OBJC_MSGSEND = YES;
				GCC_C_LANGUAGE_STANDARD = gnu99;
				GCC_NO_COMMON_BLOCKS = YES;
				GCC_WARN_64_TO_32_BIT_CONVERSION = YES;
				GCC_WARN_ABOUT_RETURN_TYPE = YES_ERROR;
				GCC_WARN_UNDECLARED_SELECTOR = YES;
				GCC_WARN_UNINITIALIZED_AUTOS = YES_AGGRESSIVE;
				GCC_WARN_UNUSED_FUNCTION = YES;
				GCC_WARN_UNUSED_VARIABLE = YES;
				IPHONEOS_DEPLOYMENT_TARGET = 8.4;
				MTL_ENABLE_DEBUG_INFO = NO;
				SDKROOT = iphoneos;
				TARGETED_DEVICE_FAMILY = "1,2";
				VALIDATE_PRODUCT = YES;
			};
			name = Release;
		};
		E0A8C0041B88CF2900A7EC9F /* Debug */ = {
			isa = XCBuildConfiguration;
			buildSettings = {
				ASSETCATALOG_COMPILER_APPICON_NAME = AppIcon;
				INFOPLIST_FILE = TableViewRefresh/Info.plist;
				LD_RUNPATH_SEARCH_PATHS = "$(inherited) @executable_path/Frameworks";
				PRODUCT_NAME = "$(TARGET_NAME)";
			};
			name = Debug;
		};
		E0A8C0051B88CF2900A7EC9F /* Release */ = {
			isa = XCBuildConfiguration;
			buildSettings = {
				ASSETCATALOG_COMPILER_APPICON_NAME = AppIcon;
				INFOPLIST_FILE = TableViewRefresh/Info.plist;
				LD_RUNPATH_SEARCH_PATHS = "$(inherited) @executable_path/Frameworks";
				PRODUCT_NAME = "$(TARGET_NAME)";
			};
			name = Release;
		};
		E0A8C0071B88CF2900A7EC9F /* Debug */ = {
			isa = XCBuildConfiguration;
			buildSettings = {
				BUNDLE_LOADER = "$(TEST_HOST)";
				FRAMEWORK_SEARCH_PATHS = (
					"$(SDKROOT)/Developer/Library/Frameworks",
					"$(inherited)",
				);
				GCC_PREPROCESSOR_DEFINITIONS = (
					"DEBUG=1",
					"$(inherited)",
				);
				INFOPLIST_FILE = TableViewRefreshTests/Info.plist;
				LD_RUNPATH_SEARCH_PATHS = "$(inherited) @executable_path/Frameworks @loader_path/Frameworks";
				PRODUCT_NAME = "$(TARGET_NAME)";
				TEST_HOST = "$(BUILT_PRODUCTS_DIR)/TableViewRefresh.app/TableViewRefresh";
			};
			name = Debug;
		};
		E0A8C0081B88CF2900A7EC9F /* Release */ = {
			isa = XCBuildConfiguration;
			buildSettings = {
				BUNDLE_LOADER = "$(TEST_HOST)";
				FRAMEWORK_SEARCH_PATHS = (
					"$(SDKROOT)/Developer/Library/Frameworks",
					"$(inherited)",
				);
				INFOPLIST_FILE = TableViewRefreshTests/Info.plist;
				LD_RUNPATH_SEARCH_PATHS = "$(inherited) @executable_path/Frameworks @loader_path/Frameworks";
				PRODUCT_NAME = "$(TARGET_NAME)";
				TEST_HOST = "$(BUILT_PRODUCTS_DIR)/TableViewRefresh.app/TableViewRefresh";
			};
			name = Release;
		};
/* End XCBuildConfiguration section */

/* Begin XCConfigurationList section */
		E0A8BFDB1B88CF2900A7EC9F /* Build configuration list for PBXProject "TableViewRefresh" */ = {
			isa = XCConfigurationList;
			buildConfigurations = (
				E0A8C0011B88CF2900A7EC9F /* Debug */,
				E0A8C0021B88CF2900A7EC9F /* Release */,
			);
			defaultConfigurationIsVisible = 0;
			defaultConfigurationName = Release;
		};
		E0A8C0031B88CF2900A7EC9F /* Build configuration list for PBXNativeTarget "TableViewRefresh" */ = {
			isa = XCConfigurationList;
			buildConfigurations = (
				E0A8C0041B88CF2900A7EC9F /* Debug */,
				E0A8C0051B88CF2900A7EC9F /* Release */,
			);
			defaultConfigurationIsVisible = 0;
		};
		E0A8C0061B88CF2900A7EC9F /* Build configuration list for PBXNativeTarget "TableViewRefreshTests" */ = {
			isa = XCConfigurationList;
			buildConfigurations = (
				E0A8C0071B88CF2900A7EC9F /* Debug */,
				E0A8C0081B88CF2900A7EC9F /* Release */,
			);
			defaultConfigurationIsVisible = 0;
		};
/* End XCConfigurationList section */
	};
	rootObject = E0A8BFD81B88CF2900A7EC9F /* Project object */;
}
